
Microsoft Visual Studio Solution File, Format Version 12.00
# Visual Studio Version 16
VisualStudioVersion = 16.0.29201.188
MinimumVisualStudioVersion = 10.0.40219.1
Project("{FAE04EC0-301F-11D3-BF4B-00C04F79EFBC}") = "Control_Archivo", "Control_Archivo\Control_Archivo.csproj", "{84E2341E-BD86-4FC1-9450-17C903A7B687}"
EndProject
Global
	GlobalSection(SolutionConfigurationPlatforms) = preSolution
		Debug|Any CPU = Debug|Any CPU
		Release|Any CPU = Release|Any CPU
	EndGlobalSection
	GlobalSection(ProjectConfigurationPlatforms) = postSolution
		{84E2341E-BD86-4FC1-9450-17C903A7B687}.Debug|Any CPU.ActiveCfg = Debug|Any CPU
		{84E2341E-BD86-4FC1-9450-17C903A7B687}.Debug|Any CPU.Build.0 = Debug|Any CPU
		{84E2341E-BD86-4FC1-9450-17C903A7B687}.Release|Any CPU.ActiveCfg = Release|Any CPU
		{84E2341E-BD86-4FC1-9450-17C903A7B687}.Release|Any CPU.Build.0 = Release|Any CPU
	EndGlobalSection
	GlobalSection(SolutionProperties) = preSolution
		HideSolutionNode = FALSE
	EndGlobalSection
	GlobalSection(ExtensibilityGlobals) = postSolution
		SolutionGuid = {5CFD0FAD-F2F6-4B6F-89B6-8ED038027C66}
	EndGlobalSection
EndGlobal
